
Microsoft Visual Studio Solution File, Format Version 12.00
Project("{FAE04EC0-301F-11D3-BF4B-00C04F79EFBC}") = "Module2", "Module2\Module2.csproj", "{5CF219D0-0392-4F28-8E45-910CCA6726D8}"
EndProject
Global
	GlobalSection(SolutionConfigurationPlatforms) = preSolution
		Debug|Any CPU = Debug|Any CPU
		Release|Any CPU = Release|Any CPU
	EndGlobalSection
	GlobalSection(ProjectConfigurationPlatforms) = postSolution
		{5CF219D0-0392-4F28-8E45-910CCA6726D8}.Debug|Any CPU.ActiveCfg = Debug|Any CPU
		{5CF219D0-0392-4F28-8E45-910CCA6726D8}.Debug|Any CPU.Build.0 = Debug|Any CPU
		{5CF219D0-0392-4F28-8E45-910CCA6726D8}.Release|Any CPU.ActiveCfg = Release|Any CPU
		{5CF219D0-0392-4F28-8E45-910CCA6726D8}.Release|Any CPU.Build.0 = Release|Any CPU
	EndGlobalSection
EndGlobal
